{
  "requires": true,
  "lockfileVersion": 1,
  "dependencies": {
    "@web-times-team/angular-web-times-tools": {
      "version": "file:../../site_de_parrainage/sponsorsship_angular_library/my-workspace/dist/angular-web-times-tools",
      "requires": {
        "tslib": "^1.10.0"
      },
      "dependencies": {
        "tslib": {
          "version": "1.14.1",
          "resolved": "https://registry.npmjs.org/tslib/-/tslib-1.14.1.tgz",
          "integrity": "sha512-Xni35NKzjgMrwevysHTCArtLDpPvye8zV/0E4EyYn43P7/7qvQwPh9BGkHewbMulVntbigmcT7rdX3BNo9wRJg=="
        }
      }
    }
  }
}
